
Microsoft Visual Studio Solution File, Format Version 12.00
# Visual Studio Version 17
VisualStudioVersion = 17.8.34330.188
MinimumVisualStudioVersion = 10.0.40219.1
Project("{FAE04EC0-301F-11D3-BF4B-00C04F79EFBC}") = "QuizApp-API", "QuizApp-API\QuizApp-API.csproj", "{65C0EB81-E1B9-4077-BCB4-BDACECBD2ED3}"
EndProject
Project("{FAE04EC0-301F-11D3-BF4B-00C04F79EFBC}") = "QuizApp-API.DataAccess", "QuizApp-API.DataAccess\QuizApp-API.DataAccess.csproj", "{ACECE7CD-012D-45DD-98D7-DBD9CB646958}"
EndProject
Project("{FAE04EC0-301F-11D3-BF4B-00C04F79EFBC}") = "QuizApp-API.BusinessLogic", "QuizApp-API.BusinessLogic\QuizApp-API.BusinessLogic.csproj", "{35CFE81C-2329-4125-B73F-A577FF690110}"
EndProject
Global
	GlobalSection(SolutionConfigurationPlatforms) = preSolution
		Debug|Any CPU = Debug|Any CPU
		Release|Any CPU = Release|Any CPU
	EndGlobalSection
	GlobalSection(ProjectConfigurationPlatforms) = postSolution
		{65C0EB81-E1B9-4077-BCB4-BDACECBD2ED3}.Debug|Any CPU.ActiveCfg = Debug|Any CPU
		{65C0EB81-E1B9-4077-BCB4-BDACECBD2ED3}.Debug|Any CPU.Build.0 = Debug|Any CPU
		{65C0EB81-E1B9-4077-BCB4-BDACECBD2ED3}.Release|Any CPU.ActiveCfg = Release|Any CPU
		{65C0EB81-E1B9-4077-BCB4-BDACECBD2ED3}.Release|Any CPU.Build.0 = Release|Any CPU
		{ACECE7CD-012D-45DD-98D7-DBD9CB646958}.Debug|Any CPU.ActiveCfg = Debug|Any CPU
		{ACECE7CD-012D-45DD-98D7-DBD9CB646958}.Debug|Any CPU.Build.0 = Debug|Any CPU
		{ACECE7CD-012D-45DD-98D7-DBD9CB646958}.Release|Any CPU.ActiveCfg = Release|Any CPU
		{ACECE7CD-012D-45DD-98D7-DBD9CB646958}.Release|Any CPU.Build.0 = Release|Any CPU
		{35CFE81C-2329-4125-B73F-A577FF690110}.Debug|Any CPU.ActiveCfg = Debug|Any CPU
		{35CFE81C-2329-4125-B73F-A577FF690110}.Debug|Any CPU.Build.0 = Debug|Any CPU
		{35CFE81C-2329-4125-B73F-A577FF690110}.Release|Any CPU.ActiveCfg = Release|Any CPU
		{35CFE81C-2329-4125-B73F-A577FF690110}.Release|Any CPU.Build.0 = Release|Any CPU
	EndGlobalSection
	GlobalSection(SolutionProperties) = preSolution
		HideSolutionNode = FALSE
	EndGlobalSection
	GlobalSection(ExtensibilityGlobals) = postSolution
		SolutionGuid = {6A04903C-4004-4056-B865-4EF1F03DE515}
	EndGlobalSection
EndGlobal
