
Microsoft Visual Studio Solution File, Format Version 12.00
# Visual Studio Version 17
VisualStudioVersion = 17.6.33712.159
MinimumVisualStudioVersion = 10.0.40219.1
Project("{FAE04EC0-301F-11D3-BF4B-00C04F79EFBC}") = "WebApi", "WebApi\WebApi.csproj", "{2A609C02-059F-47F0-A032-9BE28796224C}"
EndProject
Project("{FAE04EC0-301F-11D3-BF4B-00C04F79EFBC}") = "WebApi.DataAccess", "WebApi.DataAccess\WebApi.DataAccess.csproj", "{2DCA77EF-158D-4D74-835C-318B0E9C80F9}"
EndProject
Project("{FAE04EC0-301F-11D3-BF4B-00C04F79EFBC}") = "WebApi.BusinessLogic", "WebApi.BusinessLogic\WebApi.BusinessLogic.csproj", "{83872A04-06C7-4617-9FB8-34BE60C3BE61}"
EndProject
Global
	GlobalSection(SolutionConfigurationPlatforms) = preSolution
		Debug|Any CPU = Debug|Any CPU
		Release|Any CPU = Release|Any CPU
	EndGlobalSection
	GlobalSection(ProjectConfigurationPlatforms) = postSolution
		{2A609C02-059F-47F0-A032-9BE28796224C}.Debug|Any CPU.ActiveCfg = Debug|Any CPU
		{2A609C02-059F-47F0-A032-9BE28796224C}.Debug|Any CPU.Build.0 = Debug|Any CPU
		{2A609C02-059F-47F0-A032-9BE28796224C}.Release|Any CPU.ActiveCfg = Release|Any CPU
		{2A609C02-059F-47F0-A032-9BE28796224C}.Release|Any CPU.Build.0 = Release|Any CPU
		{2DCA77EF-158D-4D74-835C-318B0E9C80F9}.Debug|Any CPU.ActiveCfg = Debug|Any CPU
		{2DCA77EF-158D-4D74-835C-318B0E9C80F9}.Debug|Any CPU.Build.0 = Debug|Any CPU
		{2DCA77EF-158D-4D74-835C-318B0E9C80F9}.Release|Any CPU.ActiveCfg = Release|Any CPU
		{2DCA77EF-158D-4D74-835C-318B0E9C80F9}.Release|Any CPU.Build.0 = Release|Any CPU
		{83872A04-06C7-4617-9FB8-34BE60C3BE61}.Debug|Any CPU.ActiveCfg = Debug|Any CPU
		{83872A04-06C7-4617-9FB8-34BE60C3BE61}.Debug|Any CPU.Build.0 = Debug|Any CPU
		{83872A04-06C7-4617-9FB8-34BE60C3BE61}.Release|Any CPU.ActiveCfg = Release|Any CPU
		{83872A04-06C7-4617-9FB8-34BE60C3BE61}.Release|Any CPU.Build.0 = Release|Any CPU
	EndGlobalSection
	GlobalSection(SolutionProperties) = preSolution
		HideSolutionNode = FALSE
	EndGlobalSection
	GlobalSection(ExtensibilityGlobals) = postSolution
		SolutionGuid = {EBCA4FD1-FD1F-4F82-AE74-A3C604DDB94A}
	EndGlobalSection
EndGlobal
